
Microsoft Visual Studio Solution File, Format Version 12.00
# Visual Studio 15
VisualStudioVersion = 15.0.27004.2010
MinimumVisualStudioVersion = 10.0.40219.1
Project("{FAE04EC0-301F-11D3-BF4B-00C04F79EFBC}") = "MyPopupDemo.Android", "MyPopupDemo\MyPopupDemo.Android\MyPopupDemo.Android.csproj", "{CB340EA2-45E7-4BDA-8F42-6BA2EF246CAE}"
EndProject
Project("{FAE04EC0-301F-11D3-BF4B-00C04F79EFBC}") = "MyPopupDemo", "MyPopupDemo\MyPopupDemo\MyPopupDemo.csproj", "{22EAA735-11E9-40B5-84CE-3641382CBBF0}"
EndProject
Project("{FAE04EC0-301F-11D3-BF4B-00C04F79EFBC}") = "MyPopupDemo.UWP", "MyPopupDemo\MyPopupDemo.UWP\MyPopupDemo.UWP.csproj", "{1E093F75-FA2A-462F-B70D-3B0F40A839F2}"
EndProject
Project("{FAE04EC0-301F-11D3-BF4B-00C04F79EFBC}") = "MyPopupDemo.iOS", "MyPopupDemo\MyPopupDemo.iOS\MyPopupDemo.iOS.csproj", "{D7630A5A-AD5B-497C-B9E0-F6A7CBD571CF}"
EndProject
Global
	GlobalSection(SolutionConfigurationPlatforms) = preSolution
		Ad-Hoc|Any CPU = Ad-Hoc|Any CPU
		Ad-Hoc|ARM = Ad-Hoc|ARM
		Ad-Hoc|iPhone = Ad-Hoc|iPhone
		Ad-Hoc|iPhoneSimulator = Ad-Hoc|iPhoneSimulator
		Ad-Hoc|x64 = Ad-Hoc|x64
		Ad-Hoc|x86 = Ad-Hoc|x86
		AppStore|Any CPU = AppStore|Any CPU
		AppStore|ARM = AppStore|ARM
		AppStore|iPhone = AppStore|iPhone
		AppStore|iPhoneSimulator = AppStore|iPhoneSimulator
		AppStore|x64 = AppStore|x64
		AppStore|x86 = AppStore|x86
		Debug|Any CPU = Debug|Any CPU
		Debug|ARM = Debug|ARM
		Debug|iPhone = Debug|iPhone
		Debug|iPhoneSimulator = Debug|iPhoneSimulator
		Debug|x64 = Debug|x64
		Debug|x86 = Debug|x86
		Release|Any CPU = Release|Any CPU
		Release|ARM = Release|ARM
		Release|iPhone = Release|iPhone
		Release|iPhoneSimulator = Release|iPhoneSimulator
		Release|x64 = Release|x64
		Release|x86 = Release|x86
	EndGlobalSection
	GlobalSection(ProjectConfigurationPlatforms) = postSolution
		{CB340EA2-45E7-4BDA-8F42-6BA2EF246CAE}.Ad-Hoc|Any CPU.ActiveCfg = Release|Any CPU
		{CB340EA2-45E7-4BDA-8F42-6BA2EF246CAE}.Ad-Hoc|Any CPU.Build.0 = Release|Any CPU
		{CB340EA2-45E7-4BDA-8F42-6BA2EF246CAE}.Ad-Hoc|Any CPU.Deploy.0 = Release|Any CPU
		{CB340EA2-45E7-4BDA-8F42-6BA2EF246CAE}.Ad-Hoc|ARM.ActiveCfg = Release|Any CPU
		{CB340EA2-45E7-4BDA-8F42-6BA2EF246CAE}.Ad-Hoc|ARM.Build.0 = Release|Any CPU
		{CB340EA2-45E7-4BDA-8F42-6BA2EF246CAE}.Ad-Hoc|ARM.Deploy.0 = Release|Any CPU
		{CB340EA2-45E7-4BDA-8F42-6BA2EF246CAE}.Ad-Hoc|iPhone.ActiveCfg = Release|Any CPU
		{CB340EA2-45E7-4BDA-8F42-6BA2EF246CAE}.Ad-Hoc|iPhone.Build.0 = Release|Any CPU
		{CB340EA2-45E7-4BDA-8F42-6BA2EF246CAE}.Ad-Hoc|iPhone.Deploy.0 = Release|Any CPU
		{CB340EA2-45E7-4BDA-8F42-6BA2EF246CAE}.Ad-Hoc|iPhoneSimulator.ActiveCfg = Release|Any CPU
		{CB340EA2-45E7-4BDA-8F42-6BA2EF246CAE}.Ad-Hoc|iPhoneSimulator.Build.0 = Release|Any CPU
		{CB340EA2-45E7-4BDA-8F42-6BA2EF246CAE}.Ad-Hoc|iPhoneSimulator.Deploy.0 = Release|Any CPU
		{CB340EA2-45E7-4BDA-8F42-6BA2EF246CAE}.Ad-Hoc|x64.ActiveCfg = Release|Any CPU
		{CB340EA2-45E7-4BDA-8F42-6BA2EF246CAE}.Ad-Hoc|x64.Build.0 = Release|Any CPU
		{CB340EA2-45E7-4BDA-8F42-6BA2EF246CAE}.Ad-Hoc|x64.Deploy.0 = Release|Any CPU
		{CB340EA2-45E7-4BDA-8F42-6BA2EF246CAE}.Ad-Hoc|x86.ActiveCfg = Release|Any CPU
		{CB340EA2-45E7-4BDA-8F42-6BA2EF246CAE}.Ad-Hoc|x86.Build.0 = Release|Any CPU
		{CB340EA2-45E7-4BDA-8F42-6BA2EF246CAE}.Ad-Hoc|x86.Deploy.0 = Release|Any CPU
		{CB340EA2-45E7-4BDA-8F42-6BA2EF246CAE}.AppStore|Any CPU.ActiveCfg = Release|Any CPU
		{CB340EA2-45E7-4BDA-8F42-6BA2EF246CAE}.AppStore|Any CPU.Build.0 = Release|Any CPU
		{CB340EA2-45E7-4BDA-8F42-6BA2EF246CAE}.AppStore|Any CPU.Deploy.0 = Release|Any CPU
		{CB340EA2-45E7-4BDA-8F42-6BA2EF246CAE}.AppStore|ARM.ActiveCfg = Release|Any CPU
		{CB340EA2-45E7-4BDA-8F42-6BA2EF246CAE}.AppStore|ARM.Build.0 = Release|Any CPU
		{CB340EA2-45E7-4BDA-8F42-6BA2EF246CAE}.AppStore|ARM.Deploy.0 = Release|Any CPU
		{CB340EA2-45E7-4BDA-8F42-6BA2EF246CAE}.AppStore|iPhone.ActiveCfg = Release|Any CPU
		{CB340EA2-45E7-4BDA-8F42-6BA2EF246CAE}.AppStore|iPhone.Build.0 = Release|Any CPU
		{CB340EA2-45E7-4BDA-8F42-6BA2EF246CAE}.AppStore|iPhone.Deploy.0 = Release|Any CPU
		{CB340EA2-45E7-4BDA-8F42-6BA2EF246CAE}.AppStore|iPhoneSimulator.ActiveCfg = Release|Any CPU
		{CB340EA2-45E7-4BDA-8F42-6BA2EF246CAE}.AppStore|iPhoneSimulator.Build.0 = Release|Any CPU
		{CB340EA2-45E7-4BDA-8F42-6BA2EF246CAE}.AppStore|iPhoneSimulator.Deploy.0 = Release|Any CPU
		{CB340EA2-45E7-4BDA-8F42-6BA2EF246CAE}.AppStore|x64.ActiveCfg = Release|Any CPU
		{CB340EA2-45E7-4BDA-8F42-6BA2EF246CAE}.AppStore|x64.Build.0 = Release|Any CPU
		{CB340EA2-45E7-4BDA-8F42-6BA2EF246CAE}.AppStore|x64.Deploy.0 = Release|Any CPU
		{CB340EA2-45E7-4BDA-8F42-6BA2EF246CAE}.AppStore|x86.ActiveCfg = Release|Any CPU
		{CB340EA2-45E7-4BDA-8F42-6BA2EF246CAE}.AppStore|x86.Build.0 = Release|Any CPU
		{CB340EA2-45E7-4BDA-8F42-6BA2EF246CAE}.AppStore|x86.Deploy.0 = Release|Any CPU
		{CB340EA2-45E7-4BDA-8F42-6BA2EF246CAE}.Debug|Any CPU.ActiveCfg = Debug|Any CPU
		{CB340EA2-45E7-4BDA-8F42-6BA2EF246CAE}.Debug|Any CPU.Build.0 = Debug|Any CPU
		{CB340EA2-45E7-4BDA-8F42-6BA2EF246CAE}.Debug|Any CPU.Deploy.0 = Debug|Any CPU
		{CB340EA2-45E7-4BDA-8F42-6BA2EF246CAE}.Debug|ARM.ActiveCfg = Debug|Any CPU
		{CB340EA2-45E7-4BDA-8F42-6BA2EF246CAE}.Debug|ARM.Build.0 = Debug|Any CPU
		{CB340EA2-45E7-4BDA-8F42-6BA2EF246CAE}.Debug|ARM.Deploy.0 = Debug|Any CPU
		{CB340EA2-45E7-4BDA-8F42-6BA2EF246CAE}.Debug|iPhone.ActiveCfg = Debug|Any CPU
		{CB340EA2-45E7-4BDA-8F42-6BA2EF246CAE}.Debug|iPhone.Build.0 = Debug|Any CPU
		{CB340EA2-45E7-4BDA-8F42-6BA2EF246CAE}.Debug|iPhone.Deploy.0 = Debug|Any CPU
		{CB340EA2-45E7-4BDA-8F42-6BA2EF246CAE}.Debug|iPhoneSimulator.ActiveCfg = Debug|Any CPU
		{CB340EA2-45E7-4BDA-8F42-6BA2EF246CAE}.Debug|iPhoneSimulator.Build.0 = Debug|Any CPU
		{CB340EA2-45E7-4BDA-8F42-6BA2EF246CAE}.Debug|iPhoneSimulator.Deploy.0 = Debug|Any CPU
		{CB340EA2-45E7-4BDA-8F42-6BA2EF246CAE}.Debug|x64.ActiveCfg = Debug|Any CPU
		{CB340EA2-45E7-4BDA-8F42-6BA2EF246CAE}.Debug|x64.Build.0 = Debug|Any CPU
		{CB340EA2-45E7-4BDA-8F42-6BA2EF246CAE}.Debug|x64.Deploy.0 = Debug|Any CPU
		{CB340EA2-45E7-4BDA-8F42-6BA2EF246CAE}.Debug|x86.ActiveCfg = Debug|Any CPU
		{CB340EA2-45E7-4BDA-8F42-6BA2EF246CAE}.Debug|x86.Build.0 = Debug|Any CPU
		{CB340EA2-45E7-4BDA-8F42-6BA2EF246CAE}.Debug|x86.Deploy.0 = Debug|Any CPU
		{CB340EA2-45E7-4BDA-8F42-6BA2EF246CAE}.Release|Any CPU.ActiveCfg = Release|Any CPU
		{CB340EA2-45E7-4BDA-8F42-6BA2EF246CAE}.Release|Any CPU.Build.0 = Release|Any CPU
		{CB340EA2-45E7-4BDA-8F42-6BA2EF246CAE}.Release|Any CPU.Deploy.0 = Release|Any CPU
		{CB340EA2-45E7-4BDA-8F42-6BA2EF246CAE}.Release|ARM.ActiveCfg = Release|Any CPU
		{CB340EA2-45E7-4BDA-8F42-6BA2EF246CAE}.Release|ARM.Build.0 = Release|Any CPU
		{CB340EA2-45E7-4BDA-8F42-6BA2EF246CAE}.Release|ARM.Deploy.0 = Release|Any CPU
		{CB340EA2-45E7-4BDA-8F42-6BA2EF246CAE}.Release|iPhone.ActiveCfg = Release|Any CPU
		{CB340EA2-45E7-4BDA-8F42-6BA2EF246CAE}.Release|iPhone.Build.0 = Release|Any CPU
		{CB340EA2-45E7-4BDA-8F42-6BA2EF246CAE}.Release|iPhone.Deploy.0 = Release|Any CPU
		{CB340EA2-45E7-4BDA-8F42-6BA2EF246CAE}.Release|iPhoneSimulator.ActiveCfg = Release|Any CPU
		{CB340EA2-45E7-4BDA-8F42-6BA2EF246CAE}.Release|iPhoneSimulator.Build.0 = Release|Any CPU
		{CB340EA2-45E7-4BDA-8F42-6BA2EF246CAE}.Release|iPhoneSimulator.Deploy.0 = Release|Any CPU
		{CB340EA2-45E7-4BDA-8F42-6BA2EF246CAE}.Release|x64.ActiveCfg = Release|Any CPU
		{CB340EA2-45E7-4BDA-8F42-6BA2EF246CAE}.Release|x64.Build.0 = Release|Any CPU
		{CB340EA2-45E7-4BDA-8F42-6BA2EF246CAE}.Release|x64.Deploy.0 = Release|Any CPU
		{CB340EA2-45E7-4BDA-8F42-6BA2EF246CAE}.Release|x86.ActiveCfg = Release|Any CPU
		{CB340EA2-45E7-4BDA-8F42-6BA2EF246CAE}.Release|x86.Build.0 = Release|Any CPU
		{CB340EA2-45E7-4BDA-8F42-6BA2EF246CAE}.Release|x86.Deploy.0 = Release|Any CPU
		{22EAA735-11E9-40B5-84CE-3641382CBBF0}.Ad-Hoc|Any CPU.ActiveCfg = Release|Any CPU
		{22EAA735-11E9-40B5-84CE-3641382CBBF0}.Ad-Hoc|Any CPU.Build.0 = Release|Any CPU
		{22EAA735-11E9-40B5-84CE-3641382CBBF0}.Ad-Hoc|ARM.ActiveCfg = Release|Any CPU
		{22EAA735-11E9-40B5-84CE-3641382CBBF0}.Ad-Hoc|ARM.Build.0 = Release|Any CPU
		{22EAA735-11E9-40B5-84CE-3641382CBBF0}.Ad-Hoc|iPhone.ActiveCfg = Release|Any CPU
		{22EAA735-11E9-40B5-84CE-3641382CBBF0}.Ad-Hoc|iPhone.Build.0 = Release|Any CPU
		{22EAA735-11E9-40B5-84CE-3641382CBBF0}.Ad-Hoc|iPhoneSimulator.ActiveCfg = Release|Any CPU
		{22EAA735-11E9-40B5-84CE-3641382CBBF0}.Ad-Hoc|iPhoneSimulator.Build.0 = Release|Any CPU
		{22EAA735-11E9-40B5-84CE-3641382CBBF0}.Ad-Hoc|x64.ActiveCfg = Release|Any CPU
		{22EAA735-11E9-40B5-84CE-3641382CBBF0}.Ad-Hoc|x64.Build.0 = Release|Any CPU
		{22EAA735-11E9-40B5-84CE-3641382CBBF0}.Ad-Hoc|x86.ActiveCfg = Release|Any CPU
		{22EAA735-11E9-40B5-84CE-3641382CBBF0}.Ad-Hoc|x86.Build.0 = Release|Any CPU
		{22EAA735-11E9-40B5-84CE-3641382CBBF0}.AppStore|Any CPU.ActiveCfg = Release|Any CPU
		{22EAA735-11E9-40B5-84CE-3641382CBBF0}.AppStore|Any CPU.Build.0 = Release|Any CPU
		{22EAA735-11E9-40B5-84CE-3641382CBBF0}.AppStore|ARM.ActiveCfg = Release|Any CPU
		{22EAA735-11E9-40B5-84CE-3641382CBBF0}.AppStore|ARM.Build.0 = Release|Any CPU
		{22EAA735-11E9-40B5-84CE-3641382CBBF0}.AppStore|iPhone.ActiveCfg = Release|Any CPU
		{22EAA735-11E9-40B5-84CE-3641382CBBF0}.AppStore|iPhone.Build.0 = Release|Any CPU
		{22EAA735-11E9-40B5-84CE-3641382CBBF0}.AppStore|iPhoneSimulator.ActiveCfg = Release|Any CPU
		{22EAA735-11E9-40B5-84CE-3641382CBBF0}.AppStore|iPhoneSimulator.Build.0 = Release|Any CPU
		{22EAA735-11E9-40B5-84CE-3641382CBBF0}.AppStore|x64.ActiveCfg = Release|Any CPU
		{22EAA735-11E9-40B5-84CE-3641382CBBF0}.AppStore|x64.Build.0 = Release|Any CPU
		{22EAA735-11E9-40B5-84CE-3641382CBBF0}.AppStore|x86.ActiveCfg = Release|Any CPU
		{22EAA735-11E9-40B5-84CE-3641382CBBF0}.AppStore|x86.Build.0 = Release|Any CPU
		{22EAA735-11E9-40B5-84CE-3641382CBBF0}.Debug|Any CPU.ActiveCfg = Debug|Any CPU
		{22EAA735-11E9-40B5-84CE-3641382CBBF0}.Debug|Any CPU.Build.0 = Debug|Any CPU
		{22EAA735-11E9-40B5-84CE-3641382CBBF0}.Debug|ARM.ActiveCfg = Debug|Any CPU
		{22EAA735-11E9-40B5-84CE-3641382CBBF0}.Debug|ARM.Build.0 = Debug|Any CPU
		{22EAA735-11E9-40B5-84CE-3641382CBBF0}.Debug|iPhone.ActiveCfg = Debug|Any CPU
		{22EAA735-11E9-40B5-84CE-3641382CBBF0}.Debug|iPhone.Build.0 = Debug|Any CPU
		{22EAA735-11E9-40B5-84CE-3641382CBBF0}.Debug|iPhoneSimulator.ActiveCfg = Debug|Any CPU
		{22EAA735-11E9-40B5-84CE-3641382CBBF0}.Debug|iPhoneSimulator.Build.0 = Debug|Any CPU
		{22EAA735-11E9-40B5-84CE-3641382CBBF0}.Debug|x64.ActiveCfg = Debug|Any CPU
		{22EAA735-11E9-40B5-84CE-3641382CBBF0}.Debug|x64.Build.0 = Debug|Any CPU
		{22EAA735-11E9-40B5-84CE-3641382CBBF0}.Debug|x86.ActiveCfg = Debug|Any CPU
		{22EAA735-11E9-40B5-84CE-3641382CBBF0}.Debug|x86.Build.0 = Debug|Any CPU
		{22EAA735-11E9-40B5-84CE-3641382CBBF0}.Release|Any CPU.ActiveCfg = Release|Any CPU
		{22EAA735-11E9-40B5-84CE-3641382CBBF0}.Release|Any CPU.Build.0 = Release|Any CPU
		{22EAA735-11E9-40B5-84CE-3641382CBBF0}.Release|ARM.ActiveCfg = Release|Any CPU
		{22EAA735-11E9-40B5-84CE-3641382CBBF0}.Release|ARM.Build.0 = Release|Any CPU
		{22EAA735-11E9-40B5-84CE-3641382CBBF0}.Release|iPhone.ActiveCfg = Release|Any CPU
		{22EAA735-11E9-40B5-84CE-3641382CBBF0}.Release|iPhone.Build.0 = Release|Any CPU
		{22EAA735-11E9-40B5-84CE-3641382CBBF0}.Release|iPhoneSimulator.ActiveCfg = Release|Any CPU
		{22EAA735-11E9-40B5-84CE-3641382CBBF0}.Release|iPhoneSimulator.Build.0 = Release|Any CPU
		{22EAA735-11E9-40B5-84CE-3641382CBBF0}.Release|x64.ActiveCfg = Release|Any CPU
		{22EAA735-11E9-40B5-84CE-3641382CBBF0}.Release|x64.Build.0 = Release|Any CPU
		{22EAA735-11E9-40B5-84CE-3641382CBBF0}.Release|x86.ActiveCfg = Release|Any CPU
		{22EAA735-11E9-40B5-84CE-3641382CBBF0}.Release|x86.Build.0 = Release|Any CPU
		{1E093F75-FA2A-462F-B70D-3B0F40A839F2}.Ad-Hoc|Any CPU.ActiveCfg = Release|x86
		{1E093F75-FA2A-462F-B70D-3B0F40A839F2}.Ad-Hoc|Any CPU.Build.0 = Release|x86
		{1E093F75-FA2A-462F-B70D-3B0F40A839F2}.Ad-Hoc|Any CPU.Deploy.0 = Release|x86
		{1E093F75-FA2A-462F-B70D-3B0F40A839F2}.Ad-Hoc|ARM.ActiveCfg = Release|ARM
		{1E093F75-FA2A-462F-B70D-3B0F40A839F2}.Ad-Hoc|ARM.Build.0 = Release|ARM
		{1E093F75-FA2A-462F-B70D-3B0F40A839F2}.Ad-Hoc|ARM.Deploy.0 = Release|ARM
		{1E093F75-FA2A-462F-B70D-3B0F40A839F2}.Ad-Hoc|iPhone.ActiveCfg = Release|x86
		{1E093F75-FA2A-462F-B70D-3B0F40A839F2}.Ad-Hoc|iPhone.Build.0 = Release|x86
		{1E093F75-FA2A-462F-B70D-3B0F40A839F2}.Ad-Hoc|iPhone.Deploy.0 = Release|x86
		{1E093F75-FA2A-462F-B70D-3B0F40A839F2}.Ad-Hoc|iPhoneSimulator.ActiveCfg = Release|x86
		{1E093F75-FA2A-462F-B70D-3B0F40A839F2}.Ad-Hoc|iPhoneSimulator.Build.0 = Release|x86
		{1E093F75-FA2A-462F-B70D-3B0F40A839F2}.Ad-Hoc|iPhoneSimulator.Deploy.0 = Release|x86
		{1E093F75-FA2A-462F-B70D-3B0F40A839F2}.Ad-Hoc|x64.ActiveCfg = Release|x64
		{1E093F75-FA2A-462F-B70D-3B0F40A839F2}.Ad-Hoc|x64.Build.0 = Release|x64
		{1E093F75-FA2A-462F-B70D-3B0F40A839F2}.Ad-Hoc|x64.Deploy.0 = Release|x64
		{1E093F75-FA2A-462F-B70D-3B0F40A839F2}.Ad-Hoc|x86.ActiveCfg = Release|x86
		{1E093F75-FA2A-462F-B70D-3B0F40A839F2}.Ad-Hoc|x86.Build.0 = Release|x86
		{1E093F75-FA2A-462F-B70D-3B0F40A839F2}.Ad-Hoc|x86.Deploy.0 = Release|x86
		{1E093F75-FA2A-462F-B70D-3B0F40A839F2}.AppStore|Any CPU.ActiveCfg = Release|x86
		{1E093F75-FA2A-462F-B70D-3B0F40A839F2}.AppStore|Any CPU.Build.0 = Release|x86
		{1E093F75-FA2A-462F-B70D-3B0F40A839F2}.AppStore|Any CPU.Deploy.0 = Release|x86
		{1E093F75-FA2A-462F-B70D-3B0F40A839F2}.AppStore|ARM.ActiveCfg = Release|ARM
		{1E093F75-FA2A-462F-B70D-3B0F40A839F2}.AppStore|ARM.Build.0 = Release|ARM
		{1E093F75-FA2A-462F-B70D-3B0F40A839F2}.AppStore|ARM.Deploy.0 = Release|ARM
		{1E093F75-FA2A-462F-B70D-3B0F40A839F2}.AppStore|iPhone.ActiveCfg = Release|x86
		{1E093F75-FA2A-462F-B70D-3B0F40A839F2}.AppStore|iPhone.Build.0 = Release|x86
		{1E093F75-FA2A-462F-B70D-3B0F40A839F2}.AppStore|iPhone.Deploy.0 = Release|x86
		{1E093F75-FA2A-462F-B70D-3B0F40A839F2}.AppStore|iPhoneSimulator.ActiveCfg = Release|x86
		{1E093F75-FA2A-462F-B70D-3B0F40A839F2}.AppStore|iPhoneSimulator.Build.0 = Release|x86
		{1E093F75-FA2A-462F-B70D-3B0F40A839F2}.AppStore|iPhoneSimulator.Deploy.0 = Release|x86
		{1E093F75-FA2A-462F-B70D-3B0F40A839F2}.AppStore|x64.ActiveCfg = Release|x64
		{1E093F75-FA2A-462F-B70D-3B0F40A839F2}.AppStore|x64.Build.0 = Release|x64
		{1E093F75-FA2A-462F-B70D-3B0F40A839F2}.AppStore|x64.Deploy.0 = Release|x64
		{1E093F75-FA2A-462F-B70D-3B0F40A839F2}.AppStore|x86.ActiveCfg = Release|x86
		{1E093F75-FA2A-462F-B70D-3B0F40A839F2}.AppStore|x86.Build.0 = Release|x86
		{1E093F75-FA2A-462F-B70D-3B0F40A839F2}.AppStore|x86.Deploy.0 = Release|x86
		{1E093F75-FA2A-462F-B70D-3B0F40A839F2}.Debug|Any CPU.ActiveCfg = Debug|x86
		{1E093F75-FA2A-462F-B70D-3B0F40A839F2}.Debug|ARM.ActiveCfg = Debug|ARM
		{1E093F75-FA2A-462F-B70D-3B0F40A839F2}.Debug|ARM.Build.0 = Debug|ARM
		{1E093F75-FA2A-462F-B70D-3B0F40A839F2}.Debug|ARM.Deploy.0 = Debug|ARM
		{1E093F75-FA2A-462F-B70D-3B0F40A839F2}.Debug|iPhone.ActiveCfg = Debug|x86
		{1E093F75-FA2A-462F-B70D-3B0F40A839F2}.Debug|iPhoneSimulator.ActiveCfg = Debug|x86
		{1E093F75-FA2A-462F-B70D-3B0F40A839F2}.Debug|x64.ActiveCfg = Debug|x64
		{1E093F75-FA2A-462F-B70D-3B0F40A839F2}.Debug|x64.Build.0 = Debug|x64
		{1E093F75-FA2A-462F-B70D-3B0F40A839F2}.Debug|x64.Deploy.0 = Debug|x64
		{1E093F75-FA2A-462F-B70D-3B0F40A839F2}.Debug|x86.ActiveCfg = Debug|x86
		{1E093F75-FA2A-462F-B70D-3B0F40A839F2}.Debug|x86.Build.0 = Debug|x86
		{1E093F75-FA2A-462F-B70D-3B0F40A839F2}.Debug|x86.Deploy.0 = Debug|x86
		{1E093F75-FA2A-462F-B70D-3B0F40A839F2}.Release|Any CPU.ActiveCfg = Release|x86
		{1E093F75-FA2A-462F-B70D-3B0F40A839F2}.Release|ARM.ActiveCfg = Release|ARM
		{1E093F75-FA2A-462F-B70D-3B0F40A839F2}.Release|ARM.Build.0 = Release|ARM
		{1E093F75-FA2A-462F-B70D-3B0F40A839F2}.Release|ARM.Deploy.0 = Release|ARM
		{1E093F75-FA2A-462F-B70D-3B0F40A839F2}.Release|iPhone.ActiveCfg = Release|x86
		{1E093F75-FA2A-462F-B70D-3B0F40A839F2}.Release|iPhoneSimulator.ActiveCfg = Release|x86
		{1E093F75-FA2A-462F-B70D-3B0F40A839F2}.Release|x64.ActiveCfg = Release|x64
		{1E093F75-FA2A-462F-B70D-3B0F40A839F2}.Release|x64.Build.0 = Release|x64
		{1E093F75-FA2A-462F-B70D-3B0F40A839F2}.Release|x64.Deploy.0 = Release|x64
		{1E093F75-FA2A-462F-B70D-3B0F40A839F2}.Release|x86.ActiveCfg = Release|x86
		{1E093F75-FA2A-462F-B70D-3B0F40A839F2}.Release|x86.Build.0 = Release|x86
		{1E093F75-FA2A-462F-B70D-3B0F40A839F2}.Release|x86.Deploy.0 = Release|x86
		{D7630A5A-AD5B-497C-B9E0-F6A7CBD571CF}.Ad-Hoc|Any CPU.ActiveCfg = Ad-Hoc|iPhoneSimulator
		{D7630A5A-AD5B-497C-B9E0-F6A7CBD571CF}.Ad-Hoc|ARM.ActiveCfg = Ad-Hoc|iPhone
		{D7630A5A-AD5B-497C-B9E0-F6A7CBD571CF}.Ad-Hoc|iPhone.ActiveCfg = Ad-Hoc|iPhone
		{D7630A5A-AD5B-497C-B9E0-F6A7CBD571CF}.Ad-Hoc|iPhone.Build.0 = Ad-Hoc|iPhone
		{D7630A5A-AD5B-497C-B9E0-F6A7CBD571CF}.Ad-Hoc|iPhoneSimulator.ActiveCfg = Ad-Hoc|iPhoneSimulator
		{D7630A5A-AD5B-497C-B9E0-F6A7CBD571CF}.Ad-Hoc|iPhoneSimulator.Build.0 = Ad-Hoc|iPhoneSimulator
		{D7630A5A-AD5B-497C-B9E0-F6A7CBD571CF}.Ad-Hoc|x64.ActiveCfg = Ad-Hoc|iPhone
		{D7630A5A-AD5B-497C-B9E0-F6A7CBD571CF}.Ad-Hoc|x86.ActiveCfg = Ad-Hoc|iPhone
		{D7630A5A-AD5B-497C-B9E0-F6A7CBD571CF}.AppStore|Any CPU.ActiveCfg = AppStore|iPhoneSimulator
		{D7630A5A-AD5B-497C-B9E0-F6A7CBD571CF}.AppStore|ARM.ActiveCfg = AppStore|iPhone
		{D7630A5A-AD5B-497C-B9E0-F6A7CBD571CF}.AppStore|iPhone.ActiveCfg = AppStore|iPhone
		{D7630A5A-AD5B-497C-B9E0-F6A7CBD571CF}.AppStore|iPhone.Build.0 = AppStore|iPhone
		{D7630A5A-AD5B-497C-B9E0-F6A7CBD571CF}.AppStore|iPhoneSimulator.ActiveCfg = AppStore|iPhoneSimulator
		{D7630A5A-AD5B-497C-B9E0-F6A7CBD571CF}.AppStore|iPhoneSimulator.Build.0 = AppStore|iPhoneSimulator
		{D7630A5A-AD5B-497C-B9E0-F6A7CBD571CF}.AppStore|x64.ActiveCfg = AppStore|iPhone
		{D7630A5A-AD5B-497C-B9E0-F6A7CBD571CF}.AppStore|x86.ActiveCfg = AppStore|iPhone
		{D7630A5A-AD5B-497C-B9E0-F6A7CBD571CF}.Debug|Any CPU.ActiveCfg = Debug|iPhoneSimulator
		{D7630A5A-AD5B-497C-B9E0-F6A7CBD571CF}.Debug|ARM.ActiveCfg = Debug|iPhone
		{D7630A5A-AD5B-497C-B9E0-F6A7CBD571CF}.Debug|iPhone.ActiveCfg = Debug|iPhone
		{D7630A5A-AD5B-497C-B9E0-F6A7CBD571CF}.Debug|iPhone.Build.0 = Debug|iPhone
		{D7630A5A-AD5B-497C-B9E0-F6A7CBD571CF}.Debug|iPhoneSimulator.ActiveCfg = Debug|iPhoneSimulator
		{D7630A5A-AD5B-497C-B9E0-F6A7CBD571CF}.Debug|iPhoneSimulator.Build.0 = Debug|iPhoneSimulator
		{D7630A5A-AD5B-497C-B9E0-F6A7CBD571CF}.Debug|x64.ActiveCfg = Debug|iPhone
		{D7630A5A-AD5B-497C-B9E0-F6A7CBD571CF}.Debug|x86.ActiveCfg = Debug|iPhone
		{D7630A5A-AD5B-497C-B9E0-F6A7CBD571CF}.Release|Any CPU.ActiveCfg = Release|iPhoneSimulator
		{D7630A5A-AD5B-497C-B9E0-F6A7CBD571CF}.Release|ARM.ActiveCfg = Release|iPhone
		{D7630A5A-AD5B-497C-B9E0-F6A7CBD571CF}.Release|iPhone.ActiveCfg = Release|iPhone
		{D7630A5A-AD5B-497C-B9E0-F6A7CBD571CF}.Release|iPhone.Build.0 = Release|iPhone
		{D7630A5A-AD5B-497C-B9E0-F6A7CBD571CF}.Release|iPhoneSimulator.ActiveCfg = Release|iPhoneSimulator
		{D7630A5A-AD5B-497C-B9E0-F6A7CBD571CF}.Release|iPhoneSimulator.Build.0 = Release|iPhoneSimulator
		{D7630A5A-AD5B-497C-B9E0-F6A7CBD571CF}.Release|x64.ActiveCfg = Release|iPhone
		{D7630A5A-AD5B-497C-B9E0-F6A7CBD571CF}.Release|x86.ActiveCfg = Release|iPhone
	EndGlobalSection
	GlobalSection(SolutionProperties) = preSolution
		HideSolutionNode = FALSE
	EndGlobalSection
	GlobalSection(ExtensibilityGlobals) = postSolution
		SolutionGuid = {F8F08363-0D84-4E96-9BA4-29750A63B86E}
	EndGlobalSection
EndGlobal
